// !$*UTF8*$!
{
	archiveVersion = 1;
	classes = {
	};
	objectVersion = 50;
	objects = {

/* Begin PBXBuildFile section */
		485A47DA22974A1F00D30839 /* AppDelegate.swift in Sources */ = {isa = PBXBuildFile; fileRef = 485A47D922974A1F00D30839 /* AppDelegate.swift */; };
		485A47DC22974A1F00D30839 /* ViewController.swift in Sources */ = {isa = PBXBuildFile; fileRef = 485A47DB22974A1F00D30839 /* ViewController.swift */; };
		485A47DF22974A1F00D30839 /* Main.storyboard in Resources */ = {isa = PBXBuildFile; fileRef = 485A47DD22974A1F00D30839 /* Main.storyboard */; };
		485A47E122974A2100D30839 /* Assets.xcassets in Resources */ = {isa = PBXBuildFile; fileRef = 485A47E022974A2100D30839 /* Assets.xcassets */; };
		485A47E422974A2100D30839 /* LaunchScreen.storyboard in Resources */ = {isa = PBXBuildFile; fileRef = 485A47E222974A2100D30839 /* LaunchScreen.storyboard */; };
		485A47EC22974C4200D30839 /* SampleTableViewCell.swift in Sources */ = {isa = PBXBuildFile; fileRef = 485A47EB22974C4200D30839 /* SampleTableViewCell.swift */; };
/* End PBXBuildFile section */

/* Begin PBXFileReference section */
		485A47D622974A1F00D30839 /* CheckTable.app */ = {isa = PBXFileReference; explicitFileType = wrapper.application; includeInIndex = 0; path = CheckTable.app; sourceTree = BUILT_PRODUCTS_DIR; };
		485A47D922974A1F00D30839 /* AppDelegate.swift */ = {isa = PBXFileReference; lastKnownFileType = sourcecode.swift; path = AppDelegate.swift; sourceTree = "<group>"; };
		485A47DB22974A1F00D30839 /* ViewController.swift */ = {isa = PBXFileReference; lastKnownFileType = sourcecode.swift; path = ViewController.swift; sourceTree = "<group>"; };
		485A47DE22974A1F00D30839 /* Base */ = {isa = PBXFileReference; lastKnownFileType = file.storyboard; name = Base; path = Base.lproj/Main.storyboard; sourceTree = "<group>"; };
		485A47E022974A2100D30839 /* Assets.xcassets */ = {isa = PBXFileReference; lastKnownFileType = folder.assetcatalog; path = Assets.xcassets; sourceTree = "<group>"; };
		485A47E322974A2100D30839 /* Base */ = {isa = PBXFileReference; lastKnownFileType = file.storyboard; name = Base; path = Base.lproj/LaunchScreen.storyboard; sourceTree = "<group>"; };
		485A47E522974A2100D30839 /* Info.plist */ = {isa = PBXFileReference; lastKnownFileType = text.plist.xml; path = Info.plist; sourceTree = "<group>"; };
		485A47EB22974C4200D30839 /* SampleTableViewCell.swift */ = {isa = PBXFileReference; lastKnownFileType = sourcecode.swift; path = SampleTableViewCell.swift; sourceTree = "<group>"; };
/* End PBXFileReference section */

/* Begin PBXFrameworksBuildPhase section */
		485A47D322974A1F00D30839 /* Frameworks */ = {
			isa = PBXFrameworksBuildPhase;
			buildActionMask = 2147483647;
			files = (
			);
			runOnlyForDeploymentPostprocessing = 0;
		};
/* End PBXFrameworksBuildPhase section */

/* Begin PBXGroup section */
		485A47CD22974A1F00D30839 = {
			isa = PBXGroup;
			children = (
				485A47D822974A1F00D30839 /* CheckTable */,
				485A47D722974A1F00D30839 /* Products */,
			);
			sourceTree = "<group>";
		};
		485A47D722974A1F00D30839 /* Products */ = {
			isa = PBXGroup;
			children = (
				485A47D622974A1F00D30839 /* CheckTable.app */,
			);
			name = Products;
			sourceTree = "<group>";
		};
		485A47D822974A1F00D30839 /* CheckTable */ = {
			isa = PBXGroup;
			children = (
				485A47D922974A1F00D30839 /* AppDelegate.swift */,
				485A47DB22974A1F00D30839 /* ViewController.swift */,
				485A47DD22974A1F00D30839 /* Main.storyboard */,
				485A47E022974A2100D30839 /* Assets.xcassets */,
				485A47E222974A2100D30839 /* LaunchScreen.storyboard */,
				485A47E522974A2100D30839 /* Info.plist */,
				485A47EB22974C4200D30839 /* SampleTableViewCell.swift */,
			);
			path = CheckTable;
			sourceTree = "<group>";
		};
/* End PBXGroup section */

/* Begin PBXNativeTarget section */
		485A47D522974A1F00D30839 /* CheckTable */ = {
			isa = PBXNativeTarget;
			buildConfigurationList = 485A47E822974A2100D30839 /* Build configuration list for PBXNativeTarget "CheckTable" */;
			buildPhases = (
				485A47D222974A1F00D30839 /* Sources */,
				485A47D322974A1F00D30839 /* Frameworks */,
				485A47D422974A1F00D30839 /* Resources */,
			);
			buildRules = (
			);
			dependencies = (
			);
			name = CheckTable;
			productName = CheckTable;
			productReference = 485A47D622974A1F00D30839 /* CheckTable.app */;
			productType = "com.apple.product-type.application";
		};
/* End PBXNativeTarget section */

/* Begin PBXProject section */
		485A47CE22974A1F00D30839 /* Project object */ = {
			isa = PBXProject;
			attributes = {
				LastSwiftUpdateCheck = 1010;
				LastUpgradeCheck = 1010;
				ORGANIZATIONNAME = "Engineer 144";
				TargetAttributes = {
					485A47D522974A1F00D30839 = {
						CreatedOnToolsVersion = 10.1;
					};
				};
			};
			buildConfigurationList = 485A47D122974A1F00D30839 /* Build configuration list for PBXProject "CheckTable" */;
			compatibilityVersion = "Xcode 9.3";
			developmentRegion = en;
			hasScannedForEncodings = 0;
			knownRegions = (
				en,
				Base,
			);
			mainGroup = 485A47CD22974A1F00D30839;
			productRefGroup = 485A47D722974A1F00D30839 /* Products */;
			projectDirPath = "";
			projectRoot = "";
			targets = (
				485A47D522974A1F00D30839 /* CheckTable */,
			);
		};
/* End PBXProject section */

/* Begin PBXResourcesBuildPhase section */
		485A47D422974A1F00D30839 /* Resources */ = {
			isa = PBXResourcesBuildPhase;
			buildActionMask = 2147483647;
			files = (
				485A47E422974A2100D30839 /* LaunchScreen.storyboard in Resources */,
				485A47E122974A2100D30839 /* Assets.xcassets in Resources */,
				485A47DF22974A1F00D30839 /* Main.storyboard in Resources */,
			);
			runOnlyForDeploymentPostprocessing = 0;
		};
/* End PBXResourcesBuildPhase section */

/* Begin PBXSourcesBuildPhase section */
		485A47D222974A1F00D30839 /* Sources */ = {
			isa = PBXSourcesBuildPhase;
			buildActionMask = 2147483647;
			files = (
				485A47DC22974A1F00D30839 /* ViewController.swift in Sources */,
				485A47EC22974C4200D30839 /* SampleTableViewCell.swift in Sources */,
				485A47DA22974A1F00D30839 /* AppDelegate.swift in Sources */,
			);
			runOnlyForDeploymentPostprocessing = 0;
		};
/* End PBXSourcesBuildPhase section */

/* Begin PBXVariantGroup section */
		485A47DD22974A1F00D30839 /* Main.storyboard */ = {
			isa = PBXVariantGroup;
			children = (
				485A47DE22974A1F00D30839 /* Base */,
			);
			name = Main.storyboard;
			sourceTree = "<group>";
		};
		485A47E222974A2100D30839 /* LaunchScreen.storyboard */ = {
			isa = PBXVariantGroup;
			children = (
				485A47E322974A2100D30839 /* Base */,
			);
			name = LaunchScreen.storyboard;
			sourceTree = "<group>";
		};
/* End PBXVariantGroup section */

/* Begin XCBuildConfiguration section */
		485A47E622974A2100D30839 /* Debug */ = {
			isa = XCBuildConfiguration;
			buildSettings = {
				ALWAYS_SEARCH_USER_PATHS = NO;
				CLANG_ANALYZER_NONNULL = YES;
				CLANG_ANALYZER_NUMBER_OBJECT_CONVERSION = YES_AGGRESSIVE;
				CLANG_CXX_LANGUAGE_STANDARD = "gnu++14";
				CLANG_CXX_LIBRARY = "libc++";
				CLANG_ENABLE_MODULES = YES;
				CLANG_ENABLE_OBJC_ARC = YES;
				CLANG_ENABLE_OBJC_WEAK = YES;
				CLANG_WARN_BLOCK_CAPTURE_AUTORELEASING = YES;
				CLANG_WARN_BOOL_CONVERSION = YES;
				CLANG_WARN_COMMA = YES;
				CLANG_WARN_CONSTANT_CONVERSION = YES;
				CLANG_WARN_DEPRECATED_OBJC_IMPLEMENTATIONS = YES;
				CLANG_WARN_DIRECT_OBJC_ISA_USAGE = YES_ERROR;
				CLANG_WARN_DOCUMENTATION_COMMENTS = YES;
				CLANG_WARN_EMPTY_BODY = YES;
				CLANG_WARN_ENUM_CONVERSION = YES;
				CLANG_WARN_INFINITE_RECURSION = YES;
				CLANG_WARN_INT_CONVERSION = YES;
				CLANG_WARN_NON_LITERAL_NULL_CONVERSION = YES;
				CLANG_WARN_OBJC_IMPLICIT_RETAIN_SELF = YES;
				CLANG_WARN_OBJC_LITERAL_CONVERSION = YES;
				CLANG_WARN_OBJC_ROOT_CLASS = YES_ERROR;
				CLANG_WARN_RANGE_LOOP_ANALYSIS = YES;
				CLANG_WARN_STRICT_PROTOTYPES = YES;
				CLANG_WARN_SUSPICIOUS_MOVE = YES;
				CLANG_WARN_UNGUARDED_AVAILABILITY = YES_AGGRESSIVE;
				CLANG_WARN_UNREACHABLE_CODE = YES;
				CLANG_WARN__DUPLICATE_METHOD_MATCH = YES;
				CODE_SIGN_IDENTITY = "iPhone Developer";
				COPY_PHASE_STRIP = NO;
				DEBUG_INFORMATION_FORMAT = dwarf;
				ENABLE_STRICT_OBJC_MSGSEND = YES;
				ENABLE_TESTABILITY = YES;
				GCC_C_LANGUAGE_STANDARD = gnu11;
				GCC_DYNAMIC_NO_PIC = NO;
				GCC_NO_COMMON_BLOCKS = YES;
				GCC_OPTIMIZATION_LEVEL = 0;
				GCC_PREPROCESSOR_DEFINITIONS = (
					"DEBUG=1",
					"$(inherited)",
				);
				GCC_WARN_64_TO_32_BIT_CONVERSION = YES;
				GCC_WARN_ABOUT_RETURN_TYPE = YES_ERROR;
				GCC_WARN_UNDECLARED_SELECTOR = YES;
				GCC_WARN_UNINITIALIZED_AUTOS = YES_AGGRESSIVE;
				GCC_WARN_UNUSED_FUNCTION = YES;
				GCC_WARN_UNUSED_VARIABLE = YES;
				IPHONEOS_DEPLOYMENT_TARGET = 12.1;
				MTL_ENABLE_DEBUG_INFO = INCLUDE_SOURCE;
				MTL_FAST_MATH = YES;
				ONLY_ACTIVE_ARCH = YES;
				SDKROOT = iphoneos;
				SWIFT_ACTIVE_COMPILATION_CONDITIONS = DEBUG;
				SWIFT_OPTIMIZATION_LEVEL = "-Onone";
			};
			name = Debug;
		};
		485A47E722974A2100D30839 /* Release */ = {
			isa = XCBuildConfiguration;
			buildSettings = {
				ALWAYS_SEARCH_USER_PATHS = NO;
				CLANG_ANALYZER_NONNULL = YES;
				CLANG_ANALYZER_NUMBER_OBJECT_CONVERSION = YES_AGGRESSIVE;
				CLANG_CXX_LANGUAGE_STANDARD = "gnu++14";
				CLANG_CXX_LIBRARY = "libc++";
				CLANG_ENABLE_MODULES = YES;
				CLANG_ENABLE_OBJC_ARC = YES;
				CLANG_ENABLE_OBJC_WEAK = YES;
				CLANG_WARN_BLOCK_CAPTURE_AUTORELEASING = YES;
				CLANG_WARN_BOOL_CONVERSION = YES;
				CLANG_WARN_COMMA = YES;
				CLANG_WARN_CONSTANT_CONVERSION = YES;
				CLANG_WARN_DEPRECATED_OBJC_IMPLEMENTATIONS = YES;
				CLANG_WARN_DIRECT_OBJC_ISA_USAGE = YES_ERROR;
				CLANG_WARN_DOCUMENTATION_COMMENTS = YES;
				CLANG_WARN_EMPTY_BODY = YES;
				CLANG_WARN_ENUM_CONVERSION = YES;
				CLANG_WARN_INFINITE_RECURSION = YES;
				CLANG_WARN_INT_CONVERSION = YES;
				CLANG_WARN_NON_LITERAL_NULL_CONVERSION = YES;
				CLANG_WARN_OBJC_IMPLICIT_RETAIN_SELF = YES;
				CLANG_WARN_OBJC_LITERAL_CONVERSION = YES;
				CLANG_WARN_OBJC_ROOT_CLASS = YES_ERROR;
				CLANG_WARN_RANGE_LOOP_ANALYSIS = YES;
				CLANG_WARN_STRICT_PROTOTYPES = YES;
				CLANG_WARN_SUSPICIOUS_MOVE = YES;
				CLANG_WARN_UNGUARDED_AVAILABILITY = YES_AGGRESSIVE;
				CLANG_WARN_UNREACHABLE_CODE = YES;
				CLANG_WARN__DUPLICATE_METHOD_MATCH = YES;
				CODE_SIGN_IDENTITY = "iPhone Developer";
				COPY_PHASE_STRIP = NO;
				DEBUG_INFORMATION_FORMAT = "dwarf-with-dsym";
				ENABLE_NS_ASSERTIONS = NO;
				ENABLE_STRICT_OBJC_MSGSEND = YES;
				GCC_C_LANGUAGE_STANDARD = gnu11;
				GCC_NO_COMMON_BLOCKS = YES;
				GCC_WARN_64_TO_32_BIT_CONVERSION = YES;
				GCC_WARN_ABOUT_RETURN_TYPE = YES_ERROR;
				GCC_WARN_UNDECLARED_SELECTOR = YES;
				GCC_WARN_UNINITIALIZED_AUTOS = YES_AGGRESSIVE;
				GCC_WARN_UNUSED_FUNCTION = YES;
				GCC_WARN_UNUSED_VARIABLE = YES;
				IPHONEOS_DEPLOYMENT_TARGET = 12.1;
				MTL_ENABLE_DEBUG_INFO = NO;
				MTL_FAST_MATH = YES;
				SDKROOT = iphoneos;
				SWIFT_COMPILATION_MODE = wholemodule;
				SWIFT_OPTIMIZATION_LEVEL = "-O";
				VALIDATE_PRODUCT = YES;
			};
			name = Release;
		};
		485A47E922974A2100D30839 /* Debug */ = {
			isa = XCBuildConfiguration;
			buildSettings = {
				ASSETCATALOG_COMPILER_APPICON_NAME = AppIcon;
				CODE_SIGN_STYLE = Automatic;
				DEVELOPMENT_TEAM = 83M7A6W736;
				INFOPLIST_FILE = CheckTable/Info.plist;
				LD_RUNPATH_SEARCH_PATHS = (
					"$(inherited)",
					"@executable_path/Frameworks",
				);
				PRODUCT_BUNDLE_IDENTIFIER = com.CheckTable;
				PRODUCT_NAME = "$(TARGET_NAME)";
				SWIFT_VERSION = 4.2;
				TARGETED_DEVICE_FAMILY = "1,2";
			};
			name = Debug;
		};
		485A47EA22974A2100D30839 /* Release */ = {
			isa = XCBuildConfiguration;
			buildSettings = {
				ASSETCATALOG_COMPILER_APPICON_NAME = AppIcon;
				CODE_SIGN_STYLE = Automatic;
				DEVELOPMENT_TEAM = 83M7A6W736;
				INFOPLIST_FILE = CheckTable/Info.plist;
				LD_RUNPATH_SEARCH_PATHS = (
					"$(inherited)",
					"@executable_path/Frameworks",
				);
				PRODUCT_BUNDLE_IDENTIFIER = com.CheckTable;
				PRODUCT_NAME = "$(TARGET_NAME)";
				SWIFT_VERSION = 4.2;
				TARGETED_DEVICE_FAMILY = "1,2";
			};
			name = Release;
		};
/* End XCBuildConfiguration section */

/* Begin XCConfigurationList section */
		485A47D122974A1F00D30839 /* Build configuration list for PBXProject "CheckTable" */ = {
			isa = XCConfigurationList;
			buildConfigurations = (
				485A47E622974A2100D30839 /* Debug */,
				485A47E722974A2100D30839 /* Release */,
			);
			defaultConfigurationIsVisible = 0;
			defaultConfigurationName = Release;
		};
		485A47E822974A2100D30839 /* Build configuration list for PBXNativeTarget "CheckTable" */ = {
			isa = XCConfigurationList;
			buildConfigurations = (
				485A47E922974A2100D30839 /* Debug */,
				485A47EA22974A2100D30839 /* Release */,
			);
			defaultConfigurationIsVisible = 0;
			defaultConfigurationName = Release;
		};
/* End XCConfigurationList section */
	};
	rootObject = 485A47CE22974A1F00D30839 /* Project object */;
}
